// !$*UTF8*$!
{
	archiveVersion = 1;
	classes = {
	};
	objectVersion = 77;
	objects = {

/* Begin PBXBuildFile section */
		A157B5AF2E397A6900DC46B4 /* Expression in Frameworks */ = {isa = PBXBuildFile; productRef = A157B5AE2E397A6900DC46B4 /* Expression */; };
/* End PBXBuildFile section */

/* Begin PBXContainerItemProxy section */
		A157B54A2E3611F600DC46B4 /* PBXContainerItemProxy */ = {
			isa = PBXContainerItemProxy;
			containerPortal = A157B5342E3611F500DC46B4 /* Project object */;
			proxyType = 1;
			remoteGlobalIDString = A157B53B2E3611F500DC46B4;
			remoteInfo = GraphEQ;
		};
		A157B5542E3611F600DC46B4 /* PBXContainerItemProxy */ = {
			isa = PBXContainerItemProxy;
			containerPortal = A157B5342E3611F500DC46B4 /* Project object */;
			proxyType = 1;
			remoteGlobalIDString = A157B53B2E3611F500DC46B4;
			remoteInfo = GraphEQ;
		};
/* End PBXContainerItemProxy section */

/* Begin PBXFileReference section */
		A157B53C2E3611F500DC46B4 /* GraphEQ.app */ = {isa = PBXFileReference; explicitFileType = wrapper.application; includeInIndex = 0; path = GraphEQ.app; sourceTree = BUILT_PRODUCTS_DIR; };
		A157B5492E3611F600DC46B4 /* GraphEQTests.xctest */ = {isa = PBXFileReference; explicitFileType = wrapper.cfbundle; includeInIndex = 0; path = GraphEQTests.xctest; sourceTree = BUILT_PRODUCTS_DIR; };
		A157B5532E3611F600DC46B4 /* GraphEQUITests.xctest */ = {isa = PBXFileReference; explicitFileType = wrapper.cfbundle; includeInIndex = 0; path = GraphEQUITests.xctest; sourceTree = BUILT_PRODUCTS_DIR; };
/* End PBXFileReference section */

/* Begin PBXFileSystemSynchronizedBuildFileExceptionSet section */
		A157B5F02E3AD15300DC46B4 /* Exceptions for "GraphEQ" folder in "GraphEQ" target */ = {
			isa = PBXFileSystemSynchronizedBuildFileExceptionSet;
			membershipExceptions = (
				Info.plist,
			);
			target = A157B53B2E3611F500DC46B4 /* GraphEQ */;
		};
/* End PBXFileSystemSynchronizedBuildFileExceptionSet section */

/* Begin PBXFileSystemSynchronizedRootGroup section */
		A157B53E2E3611F500DC46B4 /* GraphEQ */ = {
			isa = PBXFileSystemSynchronizedRootGroup;
			exceptions = (
				A157B5F02E3AD15300DC46B4 /* Exceptions for "GraphEQ" folder in "GraphEQ" target */,
			);
			path = GraphEQ;
			sourceTree = "<group>";
		};
		A157B54C2E3611F600DC46B4 /* GraphEQTests */ = {
			isa = PBXFileSystemSynchronizedRootGroup;
			path = GraphEQTests;
			sourceTree = "<group>";
		};
		A157B5562E3611F600DC46B4 /* GraphEQUITests */ = {
			isa = PBXFileSystemSynchronizedRootGroup;
			path = GraphEQUITests;
			sourceTree = "<group>";
		};
/* End PBXFileSystemSynchronizedRootGroup section */

/* Begin PBXFrameworksBuildPhase section */
		A157B5392E3611F500DC46B4 /* Frameworks */ = {
			isa = PBXFrameworksBuildPhase;
			buildActionMask = 2147483647;
			files = (
				A157B5AF2E397A6900DC46B4 /* Expression in Frameworks */,
			);
			runOnlyForDeploymentPostprocessing = 0;
		};
		A157B5462E3611F600DC46B4 /* Frameworks */ = {
			isa = PBXFrameworksBuildPhase;
			buildActionMask = 2147483647;
			files = (
			);
			runOnlyForDeploymentPostprocessing = 0;
		};
		A157B5502E3611F600DC46B4 /* Frameworks */ = {
			isa = PBXFrameworksBuildPhase;
			buildActionMask = 2147483647;
			files = (
			);
			runOnlyForDeploymentPostprocessing = 0;
		};
/* End PBXFrameworksBuildPhase section */

/* Begin PBXGroup section */
		A157B5332E3611F500DC46B4 = {
			isa = PBXGroup;
			children = (
				A157B53E2E3611F500DC46B4 /* GraphEQ */,
				A157B54C2E3611F600DC46B4 /* GraphEQTests */,
				A157B5562E3611F600DC46B4 /* GraphEQUITests */,
				A157B53D2E3611F500DC46B4 /* Products */,
			);
			sourceTree = "<group>";
		};
		A157B53D2E3611F500DC46B4 /* Products */ = {
			isa = PBXGroup;
			children = (
				A157B53C2E3611F500DC46B4 /* GraphEQ.app */,
				A157B5492E3611F600DC46B4 /* GraphEQTests.xctest */,
				A157B5532E3611F600DC46B4 /* GraphEQUITests.xctest */,
			);
			name = Products;
			sourceTree = "<group>";
		};
/* End PBXGroup section */

/* Begin PBXNativeTarget section */
		A157B53B2E3611F500DC46B4 /* GraphEQ */ = {
			isa = PBXNativeTarget;
			buildConfigurationList = A157B55D2E3611F600DC46B4 /* Build configuration list for PBXNativeTarget "GraphEQ" */;
			buildPhases = (
				A157B5382E3611F500DC46B4 /* Sources */,
				A157B5392E3611F500DC46B4 /* Frameworks */,
				A157B53A2E3611F500DC46B4 /* Resources */,
			);
			buildRules = (
			);
			dependencies = (
			);
			fileSystemSynchronizedGroups = (
				A157B53E2E3611F500DC46B4 /* GraphEQ */,
			);
			name = GraphEQ;
			packageProductDependencies = (
				A157B5AE2E397A6900DC46B4 /* Expression */,
			);
			productName = GraphEQ;
			productReference = A157B53C2E3611F500DC46B4 /* GraphEQ.app */;
			productType = "com.apple.product-type.application";
		};
		A157B5482E3611F600DC46B4 /* GraphEQTests */ = {
			isa = PBXNativeTarget;
			buildConfigurationList = A157B5602E3611F600DC46B4 /* Build configuration list for PBXNativeTarget "GraphEQTests" */;
			buildPhases = (
				A157B5452E3611F600DC46B4 /* Sources */,
				A157B5462E3611F600DC46B4 /* Frameworks */,
				A157B5472E3611F600DC46B4 /* Resources */,
			);
			buildRules = (
			);
			dependencies = (
				A157B54B2E3611F600DC46B4 /* PBXTargetDependency */,
			);
			fileSystemSynchronizedGroups = (
				A157B54C2E3611F600DC46B4 /* GraphEQTests */,
			);
			name = GraphEQTests;
			packageProductDependencies = (
			);
			productName = GraphEQTests;
			productReference = A157B5492E3611F600DC46B4 /* GraphEQTests.xctest */;
			productType = "com.apple.product-type.bundle.unit-test";
		};
		A157B5522E3611F600DC46B4 /* GraphEQUITests */ = {
			isa = PBXNativeTarget;
			buildConfigurationList = A157B5632E3611F600DC46B4 /* Build configuration list for PBXNativeTarget "GraphEQUITests" */;
			buildPhases = (
				A157B54F2E3611F600DC46B4 /* Sources */,
				A157B5502E3611F600DC46B4 /* Frameworks */,
				A157B5512E3611F600DC46B4 /* Resources */,
			);
			buildRules = (
			);
			dependencies = (
				A157B5552E3611F600DC46B4 /* PBXTargetDependency */,
			);
			fileSystemSynchronizedGroups = (
				A157B5562E3611F600DC46B4 /* GraphEQUITests */,
			);
			name = GraphEQUITests;
			packageProductDependencies = (
			);
			productName = GraphEQUITests;
			productReference = A157B5532E3611F600DC46B4 /* GraphEQUITests.xctest */;
			productType = "com.apple.product-type.bundle.ui-testing";
		};
/* End PBXNativeTarget section */

/* Begin PBXProject section */
		A157B5342E3611F500DC46B4 /* Project object */ = {
			isa = PBXProject;
			attributes = {
				BuildIndependentTargetsInParallel = 1;
				LastSwiftUpdateCheck = 1640;
				LastUpgradeCheck = 1640;
				TargetAttributes = {
					A157B53B2E3611F500DC46B4 = {
						CreatedOnToolsVersion = 16.4;
					};
					A157B5482E3611F600DC46B4 = {
						CreatedOnToolsVersion = 16.4;
						TestTargetID = A157B53B2E3611F500DC46B4;
					};
					A157B5522E3611F600DC46B4 = {
						CreatedOnToolsVersion = 16.4;
						TestTargetID = A157B53B2E3611F500DC46B4;
					};
				};
			};
			buildConfigurationList = A157B5372E3611F500DC46B4 /* Build configuration list for PBXProject "GraphEQ" */;
			developmentRegion = en;
			hasScannedForEncodings = 0;
			knownRegions = (
				en,
				Base,
			);
			mainGroup = A157B5332E3611F500DC46B4;
			minimizedProjectReferenceProxies = 1;
			packageReferences = (
				A157B5AD2E397A6900DC46B4 /* XCRemoteSwiftPackageReference "Expression" */,
			);
			preferredProjectObjectVersion = 77;
			productRefGroup = A157B53D2E3611F500DC46B4 /* Products */;
			projectDirPath = "";
			projectRoot = "";
			targets = (
				A157B53B2E3611F500DC46B4 /* GraphEQ */,
				A157B5482E3611F600DC46B4 /* GraphEQTests */,
				A157B5522E3611F600DC46B4 /* GraphEQUITests */,
			);
		};
/* End PBXProject section */

/* Begin PBXResourcesBuildPhase section */
		A157B53A2E3611F500DC46B4 /* Resources */ = {
			isa = PBXResourcesBuildPhase;
			buildActionMask = 2147483647;
			files = (
			);
			runOnlyForDeploymentPostprocessing = 0;
		};
		A157B5472E3611F600DC46B4 /* Resources */ = {
			isa = PBXResourcesBuildPhase;
			buildActionMask = 2147483647;
			files = (
			);
			runOnlyForDeploymentPostprocessing = 0;
		};
		A157B5512E3611F600DC46B4 /* Resources */ = {
			isa = PBXResourcesBuildPhase;
			buildActionMask = 2147483647;
			files = (
			);
			runOnlyForDeploymentPostprocessing = 0;
		};
/* End PBXResourcesBuildPhase section */

/* Begin PBXSourcesBuildPhase section */
		A157B5382E3611F500DC46B4 /* Sources */ = {
			isa = PBXSourcesBuildPhase;
			buildActionMask = 2147483647;
			files = (
			);
			runOnlyForDeploymentPostprocessing = 0;
		};
		A157B5452E3611F600DC46B4 /* Sources */ = {
			isa = PBXSourcesBuildPhase;
			buildActionMask = 2147483647;
			files = (
			);
			runOnlyForDeploymentPostprocessing = 0;
		};
		A157B54F2E3611F600DC46B4 /* Sources */ = {
			isa = PBXSourcesBuildPhase;
			buildActionMask = 2147483647;
			files = (
			);
			runOnlyForDeploymentPostprocessing = 0;
		};
/* End PBXSourcesBuildPhase section */

/* Begin PBXTargetDependency section */
		A157B54B2E3611F600DC46B4 /* PBXTargetDependency */ = {
			isa = PBXTargetDependency;
			target = A157B53B2E3611F500DC46B4 /* GraphEQ */;
			targetProxy = A157B54A2E3611F600DC46B4 /* PBXContainerItemProxy */;
		};
		A157B5552E3611F600DC46B4 /* PBXTargetDependency */ = {
			isa = PBXTargetDependency;
			target = A157B53B2E3611F500DC46B4 /* GraphEQ */;
			targetProxy = A157B5542E3611F600DC46B4 /* PBXContainerItemProxy */;
		};
/* End PBXTargetDependency section */

/* Begin XCBuildConfiguration section */
		A157B55B2E3611F600DC46B4 /* Debug */ = {
			isa = XCBuildConfiguration;
			buildSettings = {
				ALWAYS_SEARCH_USER_PATHS = NO;
				ASSETCATALOG_COMPILER_GENERATE_SWIFT_ASSET_SYMBOL_EXTENSIONS = YES;
				CLANG_ANALYZER_NONNULL = YES;
				CLANG_ANALYZER_NUMBER_OBJECT_CONVERSION = YES_AGGRESSIVE;
				CLANG_CXX_LANGUAGE_STANDARD = "gnu++20";
				CLANG_ENABLE_MODULES = YES;
				CLANG_ENABLE_OBJC_ARC = YES;
				CLANG_ENABLE_OBJC_WEAK = YES;
				CLANG_WARN_BLOCK_CAPTURE_AUTORELEASING = YES;
				CLANG_WARN_BOOL_CONVERSION = YES;
				CLANG_WARN_COMMA = YES;
				CLANG_WARN_CONSTANT_CONVERSION = YES;
				CLANG_WARN_DEPRECATED_OBJC_IMPLEMENTATIONS = YES;
				CLANG_WARN_DIRECT_OBJC_ISA_USAGE = YES_ERROR;
				CLANG_WARN_DOCUMENTATION_COMMENTS = YES;
				CLANG_WARN_EMPTY_BODY = YES;
				CLANG_WARN_ENUM_CONVERSION = YES;
				CLANG_WARN_INFINITE_RECURSION = YES;
				CLANG_WARN_INT_CONVERSION = YES;
				CLANG_WARN_NON_LITERAL_NULL_CONVERSION = YES;
				CLANG_WARN_OBJC_IMPLICIT_RETAIN_SELF = YES;
				CLANG_WARN_OBJC_LITERAL_CONVERSION = YES;
				CLANG_WARN_OBJC_ROOT_CLASS = YES_ERROR;
				CLANG_WARN_QUOTED_INCLUDE_IN_FRAMEWORK_HEADER = YES;
				CLANG_WARN_RANGE_LOOP_ANALYSIS = YES;
				CLANG_WARN_STRICT_PROTOTYPES = YES;
				CLANG_WARN_SUSPICIOUS_MOVE = YES;
				CLANG_WARN_UNGUARDED_AVAILABILITY = YES_AGGRESSIVE;
				CLANG_WARN_UNREACHABLE_CODE = YES;
				CLANG_WARN__DUPLICATE_METHOD_MATCH = YES;
				COPY_PHASE_STRIP = NO;
				DEBUG_INFORMATION_FORMAT = dwarf;
				DEVELOPMENT_TEAM = D4E729RC4M;
				ENABLE_STRICT_OBJC_MSGSEND = YES;
				ENABLE_TESTABILITY = YES;
				ENABLE_USER_SCRIPT_SANDBOXING = YES;
				GCC_C_LANGUAGE_STANDARD = gnu17;
				GCC_DYNAMIC_NO_PIC = NO;
				GCC_NO_COMMON_BLOCKS = YES;
				GCC_OPTIMIZATION_LEVEL = 0;
				GCC_PREPROCESSOR_DEFINITIONS = (
					"DEBUG=1",
					"$(inherited)",
				);
				GCC_WARN_64_TO_32_BIT_CONVERSION = YES;
				GCC_WARN_ABOUT_RETURN_TYPE = YES_ERROR;
				GCC_WARN_UNDECLARED_SELECTOR = YES;
				GCC_WARN_UNINITIALIZED_AUTOS = YES_AGGRESSIVE;
				GCC_WARN_UNUSED_FUNCTION = YES;
				GCC_WARN_UNUSED_VARIABLE = YES;
				IPHONEOS_DEPLOYMENT_TARGET = 18.5;
				LOCALIZATION_PREFERS_STRING_CATALOGS = YES;
				MTL_ENABLE_DEBUG_INFO = INCLUDE_SOURCE;
				MTL_FAST_MATH = YES;
				ONLY_ACTIVE_ARCH = YES;
				SDKROOT = iphoneos;
				SWIFT_ACTIVE_COMPILATION_CONDITIONS = "DEBUG $(inherited)";
				SWIFT_OPTIMIZATION_LEVEL = "-Onone";
			};
			name = Debug;
		};
		A157B55C2E3611F600DC46B4 /* Release */ = {
			isa = XCBuildConfiguration;
			buildSettings = {
				ALWAYS_SEARCH_USER_PATHS = NO;
				ASSETCATALOG_COMPILER_GENERATE_SWIFT_ASSET_SYMBOL_EXTENSIONS = YES;
				CLANG_ANALYZER_NONNULL = YES;
				CLANG_ANALYZER_NUMBER_OBJECT_CONVERSION = YES_AGGRESSIVE;
				CLANG_CXX_LANGUAGE_STANDARD = "gnu++20";
				CLANG_ENABLE_MODULES = YES;
				CLANG_ENABLE_OBJC_ARC = YES;
				CLANG_ENABLE_OBJC_WEAK = YES;
				CLANG_WARN_BLOCK_CAPTURE_AUTORELEASING = YES;
				CLANG_WARN_BOOL_CONVERSION = YES;
				CLANG_WARN_COMMA = YES;
				CLANG_WARN_CONSTANT_CONVERSION = YES;
				CLANG_WARN_DEPRECATED_OBJC_IMPLEMENTATIONS = YES;
				CLANG_WARN_DIRECT_OBJC_ISA_USAGE = YES_ERROR;
				CLANG_WARN_DOCUMENTATION_COMMENTS = YES;
				CLANG_WARN_EMPTY_BODY = YES;
				CLANG_WARN_ENUM_CONVERSION = YES;
				CLANG_WARN_INFINITE_RECURSION = YES;
				CLANG_WARN_INT_CONVERSION = YES;
				CLANG_WARN_NON_LITERAL_NULL_CONVERSION = YES;
				CLANG_WARN_OBJC_IMPLICIT_RETAIN_SELF = YES;
				CLANG_WARN_OBJC_LITERAL_CONVERSION = YES;
				CLANG_WARN_OBJC_ROOT_CLASS = YES_ERROR;
				CLANG_WARN_QUOTED_INCLUDE_IN_FRAMEWORK_HEADER = YES;
				CLANG_WARN_RANGE_LOOP_ANALYSIS = YES;
				CLANG_WARN_STRICT_PROTOTYPES = YES;
				CLANG_WARN_SUSPICIOUS_MOVE = YES;
				CLANG_WARN_UNGUARDED_AVAILABILITY = YES_AGGRESSIVE;
				CLANG_WARN_UNREACHABLE_CODE = YES;
				CLANG_WARN__DUPLICATE_METHOD_MATCH = YES;
				COPY_PHASE_STRIP = NO;
				DEBUG_INFORMATION_FORMAT = "dwarf-with-dsym";
				DEVELOPMENT_TEAM = D4E729RC4M;
				ENABLE_NS_ASSERTIONS = NO;
				ENABLE_STRICT_OBJC_MSGSEND = YES;
				ENABLE_USER_SCRIPT_SANDBOXING = YES;
				GCC_C_LANGUAGE_STANDARD = gnu17;
				GCC_NO_COMMON_BLOCKS = YES;
				GCC_WARN_64_TO_32_BIT_CONVERSION = YES;
				GCC_WARN_ABOUT_RETURN_TYPE = YES_ERROR;
				GCC_WARN_UNDECLARED_SELECTOR = YES;
				GCC_WARN_UNINITIALIZED_AUTOS = YES_AGGRESSIVE;
				GCC_WARN_UNUSED_FUNCTION = YES;
				GCC_WARN_UNUSED_VARIABLE = YES;
				IPHONEOS_DEPLOYMENT_TARGET = 18.5;
				LOCALIZATION_PREFERS_STRING_CATALOGS = YES;
				MTL_ENABLE_DEBUG_INFO = NO;
				MTL_FAST_MATH = YES;
				SDKROOT = iphoneos;
				SWIFT_COMPILATION_MODE = wholemodule;
				VALIDATE_PRODUCT = YES;
			};
			name = Release;
		};
		A157B55E2E3611F600DC46B4 /* Debug */ = {
			isa = XCBuildConfiguration;
			buildSettings = {
				ASSETCATALOG_COMPILER_APPICON_NAME = AppIcon;
				ASSETCATALOG_COMPILER_GLOBAL_ACCENT_COLOR_NAME = AccentColor;
				CODE_SIGN_STYLE = Manual;
				CURRENT_PROJECT_VERSION = 1;
				DEVELOPMENT_TEAM = "";
				ENABLE_PREVIEWS = YES;
				GENERATE_INFOPLIST_FILE = YES;
				INFOPLIST_FILE = GraphEQ/Info.plist;
				INFOPLIST_KEY_UIApplicationSceneManifest_Generation = YES;
				INFOPLIST_KEY_UIApplicationSupportsIndirectInputEvents = YES;
				INFOPLIST_KEY_UILaunchScreen_Generation = YES;
				INFOPLIST_KEY_UISupportedInterfaceOrientations_iPad = "UIInterfaceOrientationPortrait UIInterfaceOrientationPortraitUpsideDown UIInterfaceOrientationLandscapeLeft UIInterfaceOrientationLandscapeRight";
				INFOPLIST_KEY_UISupportedInterfaceOrientations_iPhone = "UIInterfaceOrientationPortrait UIInterfaceOrientationLandscapeLeft UIInterfaceOrientationLandscapeRight";
				LD_RUNPATH_SEARCH_PATHS = (
					"$(inherited)",
					"@executable_path/Frameworks",
				);
				MARKETING_VERSION = 1.0;
				PRODUCT_BUNDLE_IDENTIFIER = com.ashkgray.GraphEQ;
				PRODUCT_NAME = "$(TARGET_NAME)";
				PROVISIONING_PROFILE_SPECIFIER = "";
				SWIFT_EMIT_LOC_STRINGS = YES;
				SWIFT_VERSION = 5.0;
				TARGETED_DEVICE_FAMILY = "1,2";
			};
			name = Debug;
		};
		A157B55F2E3611F600DC46B4 /* Release */ = {
			isa = XCBuildConfiguration;
			buildSettings = {
				ASSETCATALOG_COMPILER_APPICON_NAME = AppIcon;
				ASSETCATALOG_COMPILER_GLOBAL_ACCENT_COLOR_NAME = AccentColor;
				CODE_SIGN_STYLE = Automatic;
				CURRENT_PROJECT_VERSION = 1;
				DEVELOPMENT_TEAM = D4E729RC4M;
				ENABLE_PREVIEWS = YES;
				GENERATE_INFOPLIST_FILE = YES;
				INFOPLIST_FILE = GraphEQ/Info.plist;
				INFOPLIST_KEY_UIApplicationSceneManifest_Generation = YES;
				INFOPLIST_KEY_UIApplicationSupportsIndirectInputEvents = YES;
				INFOPLIST_KEY_UILaunchScreen_Generation = YES;
				INFOPLIST_KEY_UISupportedInterfaceOrientations_iPad = "UIInterfaceOrientationPortrait UIInterfaceOrientationPortraitUpsideDown UIInterfaceOrientationLandscapeLeft UIInterfaceOrientationLandscapeRight";
				INFOPLIST_KEY_UISupportedInterfaceOrientations_iPhone = "UIInterfaceOrientationPortrait UIInterfaceOrientationLandscapeLeft UIInterfaceOrientationLandscapeRight";
				LD_RUNPATH_SEARCH_PATHS = (
					"$(inherited)",
					"@executable_path/Frameworks",
				);
				MARKETING_VERSION = 1.0;
				PRODUCT_BUNDLE_IDENTIFIER = com.ashkgray.GraphEQ;
				PRODUCT_NAME = "$(TARGET_NAME)";
				SWIFT_EMIT_LOC_STRINGS = YES;
				SWIFT_VERSION = 5.0;
				TARGETED_DEVICE_FAMILY = "1,2";
			};
			name = Release;
		};
		A157B5612E3611F600DC46B4 /* Debug */ = {
			isa = XCBuildConfiguration;
			buildSettings = {
				BUNDLE_LOADER = "$(TEST_HOST)";
				CODE_SIGN_STYLE = Automatic;
				CURRENT_PROJECT_VERSION = 1;
				DEVELOPMENT_TEAM = D4E729RC4M;
				GENERATE_INFOPLIST_FILE = YES;
				IPHONEOS_DEPLOYMENT_TARGET = 18.5;
				MARKETING_VERSION = 1.0;
				PRODUCT_BUNDLE_IDENTIFIER = com.ashkgray.GraphEQTests;
				PRODUCT_NAME = "$(TARGET_NAME)";
				SWIFT_EMIT_LOC_STRINGS = NO;
				SWIFT_VERSION = 5.0;
				TARGETED_DEVICE_FAMILY = "1,2";
				TEST_HOST = "$(BUILT_PRODUCTS_DIR)/GraphEQ.app/$(BUNDLE_EXECUTABLE_FOLDER_PATH)/GraphEQ";
			};
			name = Debug;
		};
		A157B5622E3611F600DC46B4 /* Release */ = {
			isa = XCBuildConfiguration;
			buildSettings = {
				BUNDLE_LOADER = "$(TEST_HOST)";
				CODE_SIGN_STYLE = Automatic;
				CURRENT_PROJECT_VERSION = 1;
				DEVELOPMENT_TEAM = D4E729RC4M;
				GENERATE_INFOPLIST_FILE = YES;
				IPHONEOS_DEPLOYMENT_TARGET = 18.5;
				MARKETING_VERSION = 1.0;
				PRODUCT_BUNDLE_IDENTIFIER = com.ashkgray.GraphEQTests;
				PRODUCT_NAME = "$(TARGET_NAME)";
				SWIFT_EMIT_LOC_STRINGS = NO;
				SWIFT_VERSION = 5.0;
				TARGETED_DEVICE_FAMILY = "1,2";
				TEST_HOST = "$(BUILT_PRODUCTS_DIR)/GraphEQ.app/$(BUNDLE_EXECUTABLE_FOLDER_PATH)/GraphEQ";
			};
			name = Release;
		};
		A157B5642E3611F600DC46B4 /* Debug */ = {
			isa = XCBuildConfiguration;
			buildSettings = {
				CODE_SIGN_STYLE = Automatic;
				CURRENT_PROJECT_VERSION = 1;
				DEVELOPMENT_TEAM = D4E729RC4M;
				GENERATE_INFOPLIST_FILE = YES;
				MARKETING_VERSION = 1.0;
				PRODUCT_BUNDLE_IDENTIFIER = com.ashkgray.GraphEQUITests;
				PRODUCT_NAME = "$(TARGET_NAME)";
				SWIFT_EMIT_LOC_STRINGS = NO;
				SWIFT_VERSION = 5.0;
				TARGETED_DEVICE_FAMILY = "1,2";
				TEST_TARGET_NAME = GraphEQ;
			};
			name = Debug;
		};
		A157B5652E3611F600DC46B4 /* Release */ = {
			isa = XCBuildConfiguration;
			buildSettings = {
				CODE_SIGN_STYLE = Automatic;
				CURRENT_PROJECT_VERSION = 1;
				DEVELOPMENT_TEAM = D4E729RC4M;
				GENERATE_INFOPLIST_FILE = YES;
				MARKETING_VERSION = 1.0;
				PRODUCT_BUNDLE_IDENTIFIER = com.ashkgray.GraphEQUITests;
				PRODUCT_NAME = "$(TARGET_NAME)";
				SWIFT_EMIT_LOC_STRINGS = NO;
				SWIFT_VERSION = 5.0;
				TARGETED_DEVICE_FAMILY = "1,2";
				TEST_TARGET_NAME = GraphEQ;
			};
			name = Release;
		};
/* End XCBuildConfiguration section */

/* Begin XCConfigurationList section */
		A157B5372E3611F500DC46B4 /* Build configuration list for PBXProject "GraphEQ" */ = {
			isa = XCConfigurationList;
			buildConfigurations = (
				A157B55B2E3611F600DC46B4 /* Debug */,
				A157B55C2E3611F600DC46B4 /* Release */,
			);
			defaultConfigurationIsVisible = 0;
			defaultConfigurationName = Release;
		};
		A157B55D2E3611F600DC46B4 /* Build configuration list for PBXNativeTarget "GraphEQ" */ = {
			isa = XCConfigurationList;
			buildConfigurations = (
				A157B55E2E3611F600DC46B4 /* Debug */,
				A157B55F2E3611F600DC46B4 /* Release */,
			);
			defaultConfigurationIsVisible = 0;
			defaultConfigurationName = Release;
		};
		A157B5602E3611F600DC46B4 /* Build configuration list for PBXNativeTarget "GraphEQTests" */ = {
			isa = XCConfigurationList;
			buildConfigurations = (
				A157B5612E3611F600DC46B4 /* Debug */,
				A157B5622E3611F600DC46B4 /* Release */,
			);
			defaultConfigurationIsVisible = 0;
			defaultConfigurationName = Release;
		};
		A157B5632E3611F600DC46B4 /* Build configuration list for PBXNativeTarget "GraphEQUITests" */ = {
			isa = XCConfigurationList;
			buildConfigurations = (
				A157B5642E3611F600DC46B4 /* Debug */,
				A157B5652E3611F600DC46B4 /* Release */,
			);
			defaultConfigurationIsVisible = 0;
			defaultConfigurationName = Release;
		};
/* End XCConfigurationList section */

/* Begin XCRemoteSwiftPackageReference section */
		A157B5AD2E397A6900DC46B4 /* XCRemoteSwiftPackageReference "Expression" */ = {
			isa = XCRemoteSwiftPackageReference;
			repositoryURL = "https://github.com/nicklockwood/Expression";
			requirement = {
				kind = upToNextMajorVersion;
				minimumVersion = 0.13.9;
			};
		};
/* End XCRemoteSwiftPackageReference section */

/* Begin XCSwiftPackageProductDependency section */
		A157B5AE2E397A6900DC46B4 /* Expression */ = {
			isa = XCSwiftPackageProductDependency;
			package = A157B5AD2E397A6900DC46B4 /* XCRemoteSwiftPackageReference "Expression" */;
			productName = Expression;
		};
/* End XCSwiftPackageProductDependency section */
	};
	rootObject = A157B5342E3611F500DC46B4 /* Project object */;
}
